
Microsoft Visual Studio Solution File, Format Version 12.00
# Visual Studio Version 17
VisualStudioVersion = 17.11.35327.3
MinimumVisualStudioVersion = 10.0.40219.1
Project("{FAE04EC0-301F-11D3-BF4B-00C04F79EFBC}") = "Fix All", "Fix All\Fix All.csproj", "{E13B6532-F0D0-4645-96D8-00FFB53D11E9}"
EndProject
Global
	GlobalSection(SolutionConfigurationPlatforms) = preSolution
		Debug|Any CPU = Debug|Any CPU
		Release|Any CPU = Release|Any CPU
	EndGlobalSection
	GlobalSection(ProjectConfigurationPlatforms) = postSolution
		{E13B6532-F0D0-4645-96D8-00FFB53D11E9}.Debug|Any CPU.ActiveCfg = Debug|Any CPU
		{E13B6532-F0D0-4645-96D8-00FFB53D11E9}.Debug|Any CPU.Build.0 = Debug|Any CPU
		{E13B6532-F0D0-4645-96D8-00FFB53D11E9}.Release|Any CPU.ActiveCfg = Release|Any CPU
		{E13B6532-F0D0-4645-96D8-00FFB53D11E9}.Release|Any CPU.Build.0 = Release|Any CPU
	EndGlobalSection
	GlobalSection(SolutionProperties) = preSolution
		HideSolutionNode = FALSE
	EndGlobalSection
	GlobalSection(ExtensibilityGlobals) = postSolution
		SolutionGuid = {16AFC2E4-2F9E-425C-8CF3-ADE763DFC01E}
	EndGlobalSection
EndGlobal
